
Microsoft Visual Studio Solution File, Format Version 12.00
# Visual Studio 15
VisualStudioVersion = 15.0.28307.271
MinimumVisualStudioVersion = 10.0.40219.1
Project("{FAE04EC0-301F-11D3-BF4B-00C04F79EFBC}") = "TestePortas", "TestePortas\TestePortas.csproj", "{81B9243A-CED4-438A-B8CB-EA0FE961914D}"
EndProject
Global
	GlobalSection(SolutionConfigurationPlatforms) = preSolution
		Debug|Any CPU = Debug|Any CPU
		Release|Any CPU = Release|Any CPU
	EndGlobalSection
	GlobalSection(ProjectConfigurationPlatforms) = postSolution
		{81B9243A-CED4-438A-B8CB-EA0FE961914D}.Debug|Any CPU.ActiveCfg = Debug|Any CPU
		{81B9243A-CED4-438A-B8CB-EA0FE961914D}.Debug|Any CPU.Build.0 = Debug|Any CPU
		{81B9243A-CED4-438A-B8CB-EA0FE961914D}.Release|Any CPU.ActiveCfg = Release|Any CPU
		{81B9243A-CED4-438A-B8CB-EA0FE961914D}.Release|Any CPU.Build.0 = Release|Any CPU
	EndGlobalSection
	GlobalSection(SolutionProperties) = preSolution
		HideSolutionNode = FALSE
	EndGlobalSection
	GlobalSection(ExtensibilityGlobals) = postSolution
		SolutionGuid = {05224B8B-894E-4868-AB06-72FBA1855908}
	EndGlobalSection
EndGlobal
